
Microsoft Visual Studio Solution File, Format Version 12.00
# Visual Studio Version 17
VisualStudioVersion = 17.1.32328.378
MinimumVisualStudioVersion = 10.0.40219.1
Project("{FAE04EC0-301F-11D3-BF4B-00C04F79EFBC}") = "EconetProject", "EconetProject\EconetProject.csproj", "{B8D6106D-9099-4B51-ACC9-95A78CFFE6ED}"
EndProject
Global
	GlobalSection(SolutionConfigurationPlatforms) = preSolution
		Debug|Any CPU = Debug|Any CPU
		Release|Any CPU = Release|Any CPU
	EndGlobalSection
	GlobalSection(ProjectConfigurationPlatforms) = postSolution
		{B8D6106D-9099-4B51-ACC9-95A78CFFE6ED}.Debug|Any CPU.ActiveCfg = Debug|Any CPU
		{B8D6106D-9099-4B51-ACC9-95A78CFFE6ED}.Debug|Any CPU.Build.0 = Debug|Any CPU
		{B8D6106D-9099-4B51-ACC9-95A78CFFE6ED}.Release|Any CPU.ActiveCfg = Release|Any CPU
		{B8D6106D-9099-4B51-ACC9-95A78CFFE6ED}.Release|Any CPU.Build.0 = Release|Any CPU
	EndGlobalSection
	GlobalSection(SolutionProperties) = preSolution
		HideSolutionNode = FALSE
	EndGlobalSection
	GlobalSection(ExtensibilityGlobals) = postSolution
		SolutionGuid = {7E001948-9B9B-44A4-92DD-0D40E6E3D6D0}
	EndGlobalSection
EndGlobal
